// !$*UTF8*$!
{
	archiveVersion = 1;
	classes = {
	};
	objectVersion = 46;
	objects = {

/* Begin PBXBuildFile section */
		0A0947C61DC8441E009D9675 /* AppDelegate.m in Sources */ = {isa = PBXBuildFile; fileRef = 0A0947C51DC8441E009D9675 /* AppDelegate.m */; };
		0A0947C91DC8441E009D9675 /* main.m in Sources */ = {isa = PBXBuildFile; fileRef = 0A0947C81DC8441E009D9675 /* main.m */; };
		0A0947CE1DC8441E009D9675 /* Assets.xcassets in Resources */ = {isa = PBXBuildFile; fileRef = 0A0947CD1DC8441E009D9675 /* Assets.xcassets */; };
		0A0947D11DC8441E009D9675 /* Main.storyboard in Resources */ = {isa = PBXBuildFile; fileRef = 0A0947CF1DC8441E009D9675 /* Main.storyboard */; };
		0A0947DA1DC845C8009D9675 /* PSScreenCapturer.m in Sources */ = {isa = PBXBuildFile; fileRef = 0A0947D91DC845C8009D9675 /* PSScreenCapturer.m */; };
		0A0947DD1DC84972009D9675 /* AppKit.framework in Frameworks */ = {isa = PBXBuildFile; fileRef = 0A0947DC1DC84972009D9675 /* AppKit.framework */; };
		0A0947E51DC865F1009D9675 /* PSScreenshotWindowController.m in Sources */ = {isa = PBXBuildFile; fileRef = 0A0947E41DC865F1009D9675 /* PSScreenshotWindowController.m */; };
		0A0947E81DC86717009D9675 /* PSScreenshotViewController.m in Sources */ = {isa = PBXBuildFile; fileRef = 0A0947E71DC86717009D9675 /* PSScreenshotViewController.m */; };
		0A6E00281DCB3532004960DB /* Credits.rtf in Resources */ = {isa = PBXBuildFile; fileRef = 0A6E00271DCB3532004960DB /* Credits.rtf */; };
		0A70D78A1DCAD00F0097BD5E /* PSOverlayWindowController.m in Sources */ = {isa = PBXBuildFile; fileRef = 0A70D7891DCAD00F0097BD5E /* PSOverlayWindowController.m */; };
		0A70D78D1DCAD02D0097BD5E /* PSOverlayView.m in Sources */ = {isa = PBXBuildFile; fileRef = 0A70D78C1DCAD02D0097BD5E /* PSOverlayView.m */; };
		0AB862921DC8D5F800E2DAB1 /* PSPreferenceViewController.m in Sources */ = {isa = PBXBuildFile; fileRef = 0AB862911DC8D5F800E2DAB1 /* PSPreferenceViewController.m */; };
		78E2644AD8AAE415F5F7A9F3 /* libPods-PinShot.a in Frameworks */ = {isa = PBXBuildFile; fileRef = 43ECEAC7163EBE4553092B94 /* libPods-PinShot.a */; };
/* End PBXBuildFile section */

/* Begin PBXFileReference section */
		0A0947C11DC8441E009D9675 /* PinShot.app */ = {isa = PBXFileReference; explicitFileType = wrapper.application; includeInIndex = 0; path = PinShot.app; sourceTree = BUILT_PRODUCTS_DIR; };
		0A0947C41DC8441E009D9675 /* AppDelegate.h */ = {isa = PBXFileReference; lastKnownFileType = sourcecode.c.h; path = AppDelegate.h; sourceTree = "<group>"; };
		0A0947C51DC8441E009D9675 /* AppDelegate.m */ = {isa = PBXFileReference; lastKnownFileType = sourcecode.c.objc; path = AppDelegate.m; sourceTree = "<group>"; };
		0A0947C81DC8441E009D9675 /* main.m */ = {isa = PBXFileReference; lastKnownFileType = sourcecode.c.objc; path = main.m; sourceTree = "<group>"; };
		0A0947CD1DC8441E009D9675 /* Assets.xcassets */ = {isa = PBXFileReference; lastKnownFileType = folder.assetcatalog; path = Assets.xcassets; sourceTree = "<group>"; };
		0A0947D01DC8441E009D9675 /* Base */ = {isa = PBXFileReference; lastKnownFileType = file.storyboard; name = Base; path = Base.lproj/Main.storyboard; sourceTree = "<group>"; };
		0A0947D21DC8441E009D9675 /* Info.plist */ = {isa = PBXFileReference; lastKnownFileType = text.plist.xml; path = Info.plist; sourceTree = "<group>"; };
		0A0947D81DC845C8009D9675 /* PSScreenCapturer.h */ = {isa = PBXFileReference; fileEncoding = 4; lastKnownFileType = sourcecode.c.h; path = PSScreenCapturer.h; sourceTree = "<group>"; };
		0A0947D91DC845C8009D9675 /* PSScreenCapturer.m */ = {isa = PBXFileReference; fileEncoding = 4; lastKnownFileType = sourcecode.c.objc; path = PSScreenCapturer.m; sourceTree = "<group>"; };
		0A0947DC1DC84972009D9675 /* AppKit.framework */ = {isa = PBXFileReference; lastKnownFileType = wrapper.framework; name = AppKit.framework; path = System/Library/Frameworks/AppKit.framework; sourceTree = SDKROOT; };
		0A0947E31DC865F1009D9675 /* PSScreenshotWindowController.h */ = {isa = PBXFileReference; fileEncoding = 4; lastKnownFileType = sourcecode.c.h; path = PSScreenshotWindowController.h; sourceTree = "<group>"; };
		0A0947E41DC865F1009D9675 /* PSScreenshotWindowController.m */ = {isa = PBXFileReference; fileEncoding = 4; lastKnownFileType = sourcecode.c.objc; path = PSScreenshotWindowController.m; sourceTree = "<group>"; };
		0A0947E61DC86717009D9675 /* PSScreenshotViewController.h */ = {isa = PBXFileReference; fileEncoding = 4; lastKnownFileType = sourcecode.c.h; path = PSScreenshotViewController.h; sourceTree = "<group>"; };
		0A0947E71DC86717009D9675 /* PSScreenshotViewController.m */ = {isa = PBXFileReference; fileEncoding = 4; lastKnownFileType = sourcecode.c.objc; path = PSScreenshotViewController.m; sourceTree = "<group>"; };
		0A179A3A1DEFB22A006DC41A /* PinShot.entitlements */ = {isa = PBXFileReference; lastKnownFileType = text.plist.entitlements; path = PinShot.entitlements; sourceTree = "<group>"; };
		0A6E00271DCB3532004960DB /* Credits.rtf */ = {isa = PBXFileReference; fileEncoding = 4; lastKnownFileType = text.rtf; path = Credits.rtf; sourceTree = "<group>"; };
		0A70D7881DCAD00F0097BD5E /* PSOverlayWindowController.h */ = {isa = PBXFileReference; fileEncoding = 4; lastKnownFileType = sourcecode.c.h; path = PSOverlayWindowController.h; sourceTree = "<group>"; };
		0A70D7891DCAD00F0097BD5E /* PSOverlayWindowController.m */ = {isa = PBXFileReference; fileEncoding = 4; lastKnownFileType = sourcecode.c.objc; path = PSOverlayWindowController.m; sourceTree = "<group>"; };
		0A70D78B1DCAD02D0097BD5E /* PSOverlayView.h */ = {isa = PBXFileReference; fileEncoding = 4; lastKnownFileType = sourcecode.c.h; path = PSOverlayView.h; sourceTree = "<group>"; };
		0A70D78C1DCAD02D0097BD5E /* PSOverlayView.m */ = {isa = PBXFileReference; fileEncoding = 4; lastKnownFileType = sourcecode.c.objc; path = PSOverlayView.m; sourceTree = "<group>"; };
		0AB862901DC8D5F800E2DAB1 /* PSPreferenceViewController.h */ = {isa = PBXFileReference; fileEncoding = 4; lastKnownFileType = sourcecode.c.h; path = PSPreferenceViewController.h; sourceTree = "<group>"; };
		0AB862911DC8D5F800E2DAB1 /* PSPreferenceViewController.m */ = {isa = PBXFileReference; fileEncoding = 4; lastKnownFileType = sourcecode.c.objc; path = PSPreferenceViewController.m; sourceTree = "<group>"; };
		0AB862931DC8DE4600E2DAB1 /* PSUserDefaults.h */ = {isa = PBXFileReference; lastKnownFileType = sourcecode.c.h; path = PSUserDefaults.h; sourceTree = "<group>"; };
		109609B1532B51040E3D2B88 /* Pods-PinShot.release.xcconfig */ = {isa = PBXFileReference; includeInIndex = 1; lastKnownFileType = text.xcconfig; name = "Pods-PinShot.release.xcconfig"; path = "Pods/Target Support Files/Pods-PinShot/Pods-PinShot.release.xcconfig"; sourceTree = "<group>"; };
		43ECEAC7163EBE4553092B94 /* libPods-PinShot.a */ = {isa = PBXFileReference; explicitFileType = archive.ar; includeInIndex = 0; path = "libPods-PinShot.a"; sourceTree = BUILT_PRODUCTS_DIR; };
		ABCA6EA017E6F40C2FF11D88 /* Pods-PinShot.debug.xcconfig */ = {isa = PBXFileReference; includeInIndex = 1; lastKnownFileType = text.xcconfig; name = "Pods-PinShot.debug.xcconfig"; path = "Pods/Target Support Files/Pods-PinShot/Pods-PinShot.debug.xcconfig"; sourceTree = "<group>"; };
/* End PBXFileReference section */

/* Begin PBXFrameworksBuildPhase section */
		0A0947BE1DC8441E009D9675 /* Frameworks */ = {
			isa = PBXFrameworksBuildPhase;
			buildActionMask = 2147483647;
			files = (
				0A0947DD1DC84972009D9675 /* AppKit.framework in Frameworks */,
				78E2644AD8AAE415F5F7A9F3 /* libPods-PinShot.a in Frameworks */,
			);
			runOnlyForDeploymentPostprocessing = 0;
		};
/* End PBXFrameworksBuildPhase section */

/* Begin PBXGroup section */
		0A0947B81DC8441E009D9675 = {
			isa = PBXGroup;
			children = (
				0A0947C31DC8441E009D9675 /* PinShot */,
				0A0947C21DC8441E009D9675 /* Products */,
				0A0947DB1DC84972009D9675 /* Frameworks */,
				D1A53EC6F3F5BC56D8D8DC7A /* Pods */,
			);
			sourceTree = "<group>";
		};
		0A0947C21DC8441E009D9675 /* Products */ = {
			isa = PBXGroup;
			children = (
				0A0947C11DC8441E009D9675 /* PinShot.app */,
			);
			name = Products;
			sourceTree = "<group>";
		};
		0A0947C31DC8441E009D9675 /* PinShot */ = {
			isa = PBXGroup;
			children = (
				0A179A3A1DEFB22A006DC41A /* PinShot.entitlements */,
				0A0947C41DC8441E009D9675 /* AppDelegate.h */,
				0A0947C51DC8441E009D9675 /* AppDelegate.m */,
				0A0947D81DC845C8009D9675 /* PSScreenCapturer.h */,
				0A0947D91DC845C8009D9675 /* PSScreenCapturer.m */,
				0A0947E31DC865F1009D9675 /* PSScreenshotWindowController.h */,
				0A0947E41DC865F1009D9675 /* PSScreenshotWindowController.m */,
				0A0947E61DC86717009D9675 /* PSScreenshotViewController.h */,
				0A0947E71DC86717009D9675 /* PSScreenshotViewController.m */,
				0AB862901DC8D5F800E2DAB1 /* PSPreferenceViewController.h */,
				0AB862911DC8D5F800E2DAB1 /* PSPreferenceViewController.m */,
				0A70D7881DCAD00F0097BD5E /* PSOverlayWindowController.h */,
				0A70D7891DCAD00F0097BD5E /* PSOverlayWindowController.m */,
				0A70D78B1DCAD02D0097BD5E /* PSOverlayView.h */,
				0A70D78C1DCAD02D0097BD5E /* PSOverlayView.m */,
				0A0947CD1DC8441E009D9675 /* Assets.xcassets */,
				0A0947CF1DC8441E009D9675 /* Main.storyboard */,
				0A0947D21DC8441E009D9675 /* Info.plist */,
				0A0947C71DC8441E009D9675 /* Supporting Files */,
				0AB862931DC8DE4600E2DAB1 /* PSUserDefaults.h */,
			);
			path = PinShot;
			sourceTree = "<group>";
		};
		0A0947C71DC8441E009D9675 /* Supporting Files */ = {
			isa = PBXGroup;
			children = (
				0A0947C81DC8441E009D9675 /* main.m */,
				0A6E00271DCB3532004960DB /* Credits.rtf */,
			);
			name = "Supporting Files";
			sourceTree = "<group>";
		};
		0A0947DB1DC84972009D9675 /* Frameworks */ = {
			isa = PBXGroup;
			children = (
				0A0947DC1DC84972009D9675 /* AppKit.framework */,
				43ECEAC7163EBE4553092B94 /* libPods-PinShot.a */,
			);
			name = Frameworks;
			sourceTree = "<group>";
		};
		D1A53EC6F3F5BC56D8D8DC7A /* Pods */ = {
			isa = PBXGroup;
			children = (
				ABCA6EA017E6F40C2FF11D88 /* Pods-PinShot.debug.xcconfig */,
				109609B1532B51040E3D2B88 /* Pods-PinShot.release.xcconfig */,
			);
			name = Pods;
			sourceTree = "<group>";
		};
/* End PBXGroup section */

/* Begin PBXNativeTarget section */
		0A0947C01DC8441E009D9675 /* PinShot */ = {
			isa = PBXNativeTarget;
			buildConfigurationList = 0A0947D51DC8441E009D9675 /* Build configuration list for PBXNativeTarget "PinShot" */;
			buildPhases = (
				4E65FFA31D7E99EBDD3849C3 /* [CP] Check Pods Manifest.lock */,
				0A0947BD1DC8441E009D9675 /* Sources */,
				0A0947BE1DC8441E009D9675 /* Frameworks */,
				0A0947BF1DC8441E009D9675 /* Resources */,
				F1BED58C2821D1314BBBD650 /* [CP] Embed Pods Frameworks */,
				187F55CD5299C3944271D379 /* [CP] Copy Pods Resources */,
			);
			buildRules = (
			);
			dependencies = (
			);
			name = PinShot;
			productName = PinShot;
			productReference = 0A0947C11DC8441E009D9675 /* PinShot.app */;
			productType = "com.apple.product-type.application";
		};
/* End PBXNativeTarget section */

/* Begin PBXProject section */
		0A0947B91DC8441E009D9675 /* Project object */ = {
			isa = PBXProject;
			attributes = {
				LastUpgradeCheck = 0810;
				ORGANIZATIONNAME = "Wang Jinli";
				TargetAttributes = {
					0A0947C01DC8441E009D9675 = {
						CreatedOnToolsVersion = 8.1;
						DevelopmentTeam = 5KK7XTP6QX;
						ProvisioningStyle = Automatic;
						SystemCapabilities = {
							com.apple.Sandbox = {
								enabled = 1;
							};
						};
					};
				};
			};
			buildConfigurationList = 0A0947BC1DC8441E009D9675 /* Build configuration list for PBXProject "PinShot" */;
			compatibilityVersion = "Xcode 3.2";
			developmentRegion = English;
			hasScannedForEncodings = 0;
			knownRegions = (
				en,
				Base,
			);
			mainGroup = 0A0947B81DC8441E009D9675;
			productRefGroup = 0A0947C21DC8441E009D9675 /* Products */;
			projectDirPath = "";
			projectRoot = "";
			targets = (
				0A0947C01DC8441E009D9675 /* PinShot */,
			);
		};
/* End PBXProject section */

/* Begin PBXResourcesBuildPhase section */
		0A0947BF1DC8441E009D9675 /* Resources */ = {
			isa = PBXResourcesBuildPhase;
			buildActionMask = 2147483647;
			files = (
				0A0947CE1DC8441E009D9675 /* Assets.xcassets in Resources */,
				0A6E00281DCB3532004960DB /* Credits.rtf in Resources */,
				0A0947D11DC8441E009D9675 /* Main.storyboard in Resources */,
			);
			runOnlyForDeploymentPostprocessing = 0;
		};
/* End PBXResourcesBuildPhase section */

/* Begin PBXShellScriptBuildPhase section */
		187F55CD5299C3944271D379 /* [CP] Copy Pods Resources */ = {
			isa = PBXShellScriptBuildPhase;
			buildActionMask = 2147483647;
			files = (
			);
			inputPaths = (
			);
			name = "[CP] Copy Pods Resources";
			outputPaths = (
			);
			runOnlyForDeploymentPostprocessing = 0;
			shellPath = /bin/sh;
			shellScript = "\"${SRCROOT}/Pods/Target Support Files/Pods-PinShot/Pods-PinShot-resources.sh\"\n";
			showEnvVarsInLog = 0;
		};
		4E65FFA31D7E99EBDD3849C3 /* [CP] Check Pods Manifest.lock */ = {
			isa = PBXShellScriptBuildPhase;
			buildActionMask = 2147483647;
			files = (
			);
			inputPaths = (
			);
			name = "[CP] Check Pods Manifest.lock";
			outputPaths = (
			);
			runOnlyForDeploymentPostprocessing = 0;
			shellPath = /bin/sh;
			shellScript = "diff \"${PODS_ROOT}/../Podfile.lock\" \"${PODS_ROOT}/Manifest.lock\" > /dev/null\nif [ $? != 0 ] ; then\n    # print error to STDERR\n    echo \"error: The sandbox is not in sync with the Podfile.lock. Run 'pod install' or update your CocoaPods installation.\" >&2\n    exit 1\nfi\n";
			showEnvVarsInLog = 0;
		};
		F1BED58C2821D1314BBBD650 /* [CP] Embed Pods Frameworks */ = {
			isa = PBXShellScriptBuildPhase;
			buildActionMask = 2147483647;
			files = (
			);
			inputPaths = (
			);
			name = "[CP] Embed Pods Frameworks";
			outputPaths = (
			);
			runOnlyForDeploymentPostprocessing = 0;
			shellPath = /bin/sh;
			shellScript = "\"${SRCROOT}/Pods/Target Support Files/Pods-PinShot/Pods-PinShot-frameworks.sh\"\n";
			showEnvVarsInLog = 0;
		};
/* End PBXShellScriptBuildPhase section */

/* Begin PBXSourcesBuildPhase section */
		0A0947BD1DC8441E009D9675 /* Sources */ = {
			isa = PBXSourcesBuildPhase;
			buildActionMask = 2147483647;
			files = (
				0A0947C91DC8441E009D9675 /* main.m in Sources */,
				0AB862921DC8D5F800E2DAB1 /* PSPreferenceViewController.m in Sources */,
				0A70D78D1DCAD02D0097BD5E /* PSOverlayView.m in Sources */,
				0A70D78A1DCAD00F0097BD5E /* PSOverlayWindowController.m in Sources */,
				0A0947E81DC86717009D9675 /* PSScreenshotViewController.m in Sources */,
				0A0947DA1DC845C8009D9675 /* PSScreenCapturer.m in Sources */,
				0A0947E51DC865F1009D9675 /* PSScreenshotWindowController.m in Sources */,
				0A0947C61DC8441E009D9675 /* AppDelegate.m in Sources */,
			);
			runOnlyForDeploymentPostprocessing = 0;
		};
/* End PBXSourcesBuildPhase section */

/* Begin PBXVariantGroup section */
		0A0947CF1DC8441E009D9675 /* Main.storyboard */ = {
			isa = PBXVariantGroup;
			children = (
				0A0947D01DC8441E009D9675 /* Base */,
			);
			name = Main.storyboard;
			sourceTree = "<group>";
		};
/* End PBXVariantGroup section */

/* Begin XCBuildConfiguration section */
		0A0947D31DC8441E009D9675 /* Debug */ = {
			isa = XCBuildConfiguration;
			buildSettings = {
				ALWAYS_SEARCH_USER_PATHS = NO;
				CLANG_ANALYZER_NONNULL = YES;
				CLANG_CXX_LANGUAGE_STANDARD = "gnu++0x";
				CLANG_CXX_LIBRARY = "libc++";
				CLANG_ENABLE_MODULES = YES;
				CLANG_ENABLE_OBJC_ARC = NO;
				CLANG_WARN_BOOL_CONVERSION = YES;
				CLANG_WARN_CONSTANT_CONVERSION = YES;
				CLANG_WARN_DIRECT_OBJC_ISA_USAGE = YES_ERROR;
				CLANG_WARN_DOCUMENTATION_COMMENTS = YES;
				CLANG_WARN_EMPTY_BODY = YES;
				CLANG_WARN_ENUM_CONVERSION = YES;
				CLANG_WARN_INFINITE_RECURSION = YES;
				CLANG_WARN_INT_CONVERSION = YES;
				CLANG_WARN_OBJC_ROOT_CLASS = YES_ERROR;
				CLANG_WARN_SUSPICIOUS_MOVE = YES;
				CLANG_WARN_SUSPICIOUS_MOVES = YES;
				CLANG_WARN_UNREACHABLE_CODE = YES;
				CLANG_WARN__DUPLICATE_METHOD_MATCH = YES;
				CODE_SIGN_IDENTITY = "-";
				COPY_PHASE_STRIP = NO;
				DEBUG_INFORMATION_FORMAT = dwarf;
				ENABLE_STRICT_OBJC_MSGSEND = YES;
				ENABLE_TESTABILITY = YES;
				GCC_C_LANGUAGE_STANDARD = gnu99;
				GCC_DYNAMIC_NO_PIC = NO;
				GCC_NO_COMMON_BLOCKS = YES;
				GCC_OPTIMIZATION_LEVEL = 0;
				GCC_PREPROCESSOR_DEFINITIONS = (
					"DEBUG=1",
					"$(inherited)",
				);
				GCC_WARN_64_TO_32_BIT_CONVERSION = YES;
				GCC_WARN_ABOUT_RETURN_TYPE = YES_ERROR;
				GCC_WARN_UNDECLARED_SELECTOR = YES;
				GCC_WARN_UNINITIALIZED_AUTOS = YES_AGGRESSIVE;
				GCC_WARN_UNUSED_FUNCTION = YES;
				GCC_WARN_UNUSED_VARIABLE = YES;
				MACOSX_DEPLOYMENT_TARGET = 10.12;
				MTL_ENABLE_DEBUG_INFO = YES;
				ONLY_ACTIVE_ARCH = YES;
				SDKROOT = macosx;
			};
			name = Debug;
		};
		0A0947D41DC8441E009D9675 /* Release */ = {
			isa = XCBuildConfiguration;
			buildSettings = {
				ALWAYS_SEARCH_USER_PATHS = NO;
				CLANG_ANALYZER_NONNULL = YES;
				CLANG_CXX_LANGUAGE_STANDARD = "gnu++0x";
				CLANG_CXX_LIBRARY = "libc++";
				CLANG_ENABLE_MODULES = YES;
				CLANG_ENABLE_OBJC_ARC = NO;
				CLANG_WARN_BOOL_CONVERSION = YES;
				CLANG_WARN_CONSTANT_CONVERSION = YES;
				CLANG_WARN_DIRECT_OBJC_ISA_USAGE = YES_ERROR;
				CLANG_WARN_DOCUMENTATION_COMMENTS = YES;
				CLANG_WARN_EMPTY_BODY = YES;
				CLANG_WARN_ENUM_CONVERSION = YES;
				CLANG_WARN_INFINITE_RECURSION = YES;
				CLANG_WARN_INT_CONVERSION = YES;
				CLANG_WARN_OBJC_ROOT_CLASS = YES_ERROR;
				CLANG_WARN_SUSPICIOUS_MOVE = YES;
				CLANG_WARN_SUSPICIOUS_MOVES = YES;
				CLANG_WARN_UNREACHABLE_CODE = YES;
				CLANG_WARN__DUPLICATE_METHOD_MATCH = YES;
				CODE_SIGN_IDENTITY = "-";
				COPY_PHASE_STRIP = NO;
				DEBUG_INFORMATION_FORMAT = "dwarf-with-dsym";
				ENABLE_NS_ASSERTIONS = NO;
				ENABLE_STRICT_OBJC_MSGSEND = YES;
				GCC_C_LANGUAGE_STANDARD = gnu99;
				GCC_NO_COMMON_BLOCKS = YES;
				GCC_WARN_64_TO_32_BIT_CONVERSION = YES;
				GCC_WARN_ABOUT_RETURN_TYPE = YES_ERROR;
				GCC_WARN_UNDECLARED_SELECTOR = YES;
				GCC_WARN_UNINITIALIZED_AUTOS = YES_AGGRESSIVE;
				GCC_WARN_UNUSED_FUNCTION = YES;
				GCC_WARN_UNUSED_VARIABLE = YES;
				MACOSX_DEPLOYMENT_TARGET = 10.12;
				MTL_ENABLE_DEBUG_INFO = NO;
				SDKROOT = macosx;
			};
			name = Release;
		};
		0A0947D61DC8441E009D9675 /* Debug */ = {
			isa = XCBuildConfiguration;
			baseConfigurationReference = ABCA6EA017E6F40C2FF11D88 /* Pods-PinShot.debug.xcconfig */;
			buildSettings = {
				ASSETCATALOG_COMPILER_APPICON_NAME = AppIcon;
				CODE_SIGN_ENTITLEMENTS = PinShot/PinShot.entitlements;
				CODE_SIGN_IDENTITY = "Mac Developer";
				COMBINE_HIDPI_IMAGES = YES;
				DEVELOPMENT_TEAM = 5KK7XTP6QX;
				FRAMEWORK_SEARCH_PATHS = (
					"$(inherited)",
					"$(PROJECT_DIR)",
				);
				INFOPLIST_FILE = PinShot/Info.plist;
				LD_RUNPATH_SEARCH_PATHS = "$(inherited) @executable_path/../Frameworks";
				MACOSX_DEPLOYMENT_TARGET = 10.11;
				PRODUCT_BUNDLE_IDENTIFIER = com.wangjinli.PinShot;
				PRODUCT_NAME = "$(TARGET_NAME)";
			};
			name = Debug;
		};
		0A0947D71DC8441E009D9675 /* Release */ = {
			isa = XCBuildConfiguration;
			baseConfigurationReference = 109609B1532B51040E3D2B88 /* Pods-PinShot.release.xcconfig */;
			buildSettings = {
				ASSETCATALOG_COMPILER_APPICON_NAME = AppIcon;
				CODE_SIGN_ENTITLEMENTS = PinShot/PinShot.entitlements;
				CODE_SIGN_IDENTITY = "Mac Developer";
				COMBINE_HIDPI_IMAGES = YES;
				DEVELOPMENT_TEAM = 5KK7XTP6QX;
				FRAMEWORK_SEARCH_PATHS = (
					"$(inherited)",
					"$(PROJECT_DIR)",
				);
				INFOPLIST_FILE = PinShot/Info.plist;
				LD_RUNPATH_SEARCH_PATHS = "$(inherited) @executable_path/../Frameworks";
				MACOSX_DEPLOYMENT_TARGET = 10.11;
				PRODUCT_BUNDLE_IDENTIFIER = com.wangjinli.PinShot;
				PRODUCT_NAME = "$(TARGET_NAME)";
			};
			name = Release;
		};
/* End XCBuildConfiguration section */

/* Begin XCConfigurationList section */
		0A0947BC1DC8441E009D9675 /* Build configuration list for PBXProject "PinShot" */ = {
			isa = XCConfigurationList;
			buildConfigurations = (
				0A0947D31DC8441E009D9675 /* Debug */,
				0A0947D41DC8441E009D9675 /* Release */,
			);
			defaultConfigurationIsVisible = 0;
			defaultConfigurationName = Release;
		};
		0A0947D51DC8441E009D9675 /* Build configuration list for PBXNativeTarget "PinShot" */ = {
			isa = XCConfigurationList;
			buildConfigurations = (
				0A0947D61DC8441E009D9675 /* Debug */,
				0A0947D71DC8441E009D9675 /* Release */,
			);
			defaultConfigurationIsVisible = 0;
			defaultConfigurationName = Release;
		};
/* End XCConfigurationList section */
	};
	rootObject = 0A0947B91DC8441E009D9675 /* Project object */;
}
